
Microsoft Visual Studio Solution File, Format Version 12.00
# Visual Studio Version 17
VisualStudioVersion = 17.2.32519.379
MinimumVisualStudioVersion = 10.0.40219.1
Project("{FAE04EC0-301F-11D3-BF4B-00C04F79EFBC}") = "Visitor pattern", "Visitor pattern\Visitor pattern.csproj", "{3CD77E49-5EBC-4BC9-A285-0FB65019EC25}"
EndProject
Global
	GlobalSection(SolutionConfigurationPlatforms) = preSolution
		Debug|Any CPU = Debug|Any CPU
		Release|Any CPU = Release|Any CPU
	EndGlobalSection
	GlobalSection(ProjectConfigurationPlatforms) = postSolution
		{3CD77E49-5EBC-4BC9-A285-0FB65019EC25}.Debug|Any CPU.ActiveCfg = Debug|Any CPU
		{3CD77E49-5EBC-4BC9-A285-0FB65019EC25}.Debug|Any CPU.Build.0 = Debug|Any CPU
		{3CD77E49-5EBC-4BC9-A285-0FB65019EC25}.Release|Any CPU.ActiveCfg = Release|Any CPU
		{3CD77E49-5EBC-4BC9-A285-0FB65019EC25}.Release|Any CPU.Build.0 = Release|Any CPU
	EndGlobalSection
	GlobalSection(SolutionProperties) = preSolution
		HideSolutionNode = FALSE
	EndGlobalSection
	GlobalSection(ExtensibilityGlobals) = postSolution
		SolutionGuid = {2F138F0F-C977-4737-9D17-F19D4FC48C07}
	EndGlobalSection
EndGlobal
