
Microsoft Visual Studio Solution File, Format Version 12.00
# Visual Studio Version 17
VisualStudioVersion = 17.2.32519.379
MinimumVisualStudioVersion = 10.0.40219.1
Project("{FAE04EC0-301F-11D3-BF4B-00C04F79EFBC}") = "Proxy pattern", "Proxy pattern\Proxy pattern.csproj", "{39C88185-FE4F-4D83-9CEF-945A95957DDC}"
EndProject
Global
	GlobalSection(SolutionConfigurationPlatforms) = preSolution
		Debug|Any CPU = Debug|Any CPU
		Release|Any CPU = Release|Any CPU
	EndGlobalSection
	GlobalSection(ProjectConfigurationPlatforms) = postSolution
		{39C88185-FE4F-4D83-9CEF-945A95957DDC}.Debug|Any CPU.ActiveCfg = Debug|Any CPU
		{39C88185-FE4F-4D83-9CEF-945A95957DDC}.Debug|Any CPU.Build.0 = Debug|Any CPU
		{39C88185-FE4F-4D83-9CEF-945A95957DDC}.Release|Any CPU.ActiveCfg = Release|Any CPU
		{39C88185-FE4F-4D83-9CEF-945A95957DDC}.Release|Any CPU.Build.0 = Release|Any CPU
	EndGlobalSection
	GlobalSection(SolutionProperties) = preSolution
		HideSolutionNode = FALSE
	EndGlobalSection
	GlobalSection(ExtensibilityGlobals) = postSolution
		SolutionGuid = {87CA495E-D211-4A9A-8D03-99546B28AC85}
	EndGlobalSection
EndGlobal
