
Microsoft Visual Studio Solution File, Format Version 12.00
# Visual Studio Version 17
VisualStudioVersion = 17.2.32519.379
MinimumVisualStudioVersion = 10.0.40219.1
Project("{FAE04EC0-301F-11D3-BF4B-00C04F79EFBC}") = "Adapter Pattern", "Adapter Pattern\Adapter Pattern.csproj", "{91DADB7D-2B17-407B-A0C1-CE2B8C6AC763}"
EndProject
Global
	GlobalSection(SolutionConfigurationPlatforms) = preSolution
		Debug|Any CPU = Debug|Any CPU
		Release|Any CPU = Release|Any CPU
	EndGlobalSection
	GlobalSection(ProjectConfigurationPlatforms) = postSolution
		{91DADB7D-2B17-407B-A0C1-CE2B8C6AC763}.Debug|Any CPU.ActiveCfg = Debug|Any CPU
		{91DADB7D-2B17-407B-A0C1-CE2B8C6AC763}.Debug|Any CPU.Build.0 = Debug|Any CPU
		{91DADB7D-2B17-407B-A0C1-CE2B8C6AC763}.Release|Any CPU.ActiveCfg = Release|Any CPU
		{91DADB7D-2B17-407B-A0C1-CE2B8C6AC763}.Release|Any CPU.Build.0 = Release|Any CPU
	EndGlobalSection
	GlobalSection(SolutionProperties) = preSolution
		HideSolutionNode = FALSE
	EndGlobalSection
	GlobalSection(ExtensibilityGlobals) = postSolution
		SolutionGuid = {5E2C89E0-5947-4A90-AC43-969E84CE214A}
	EndGlobalSection
EndGlobal
