
Microsoft Visual Studio Solution File, Format Version 12.00
# Visual Studio Version 17
VisualStudioVersion = 17.2.32519.379
MinimumVisualStudioVersion = 10.0.40219.1
Project("{FAE04EC0-301F-11D3-BF4B-00C04F79EFBC}") = "Interpreter", "Interpreter\Interpreter.csproj", "{5F87FD52-6B04-41D6-9905-1DDD50ECAD21}"
EndProject
Global
	GlobalSection(SolutionConfigurationPlatforms) = preSolution
		Debug|Any CPU = Debug|Any CPU
		Release|Any CPU = Release|Any CPU
	EndGlobalSection
	GlobalSection(ProjectConfigurationPlatforms) = postSolution
		{5F87FD52-6B04-41D6-9905-1DDD50ECAD21}.Debug|Any CPU.ActiveCfg = Debug|Any CPU
		{5F87FD52-6B04-41D6-9905-1DDD50ECAD21}.Debug|Any CPU.Build.0 = Debug|Any CPU
		{5F87FD52-6B04-41D6-9905-1DDD50ECAD21}.Release|Any CPU.ActiveCfg = Release|Any CPU
		{5F87FD52-6B04-41D6-9905-1DDD50ECAD21}.Release|Any CPU.Build.0 = Release|Any CPU
	EndGlobalSection
	GlobalSection(SolutionProperties) = preSolution
		HideSolutionNode = FALSE
	EndGlobalSection
	GlobalSection(ExtensibilityGlobals) = postSolution
		SolutionGuid = {BF237A73-82A2-4918-8E3B-F984EDE1DD04}
	EndGlobalSection
EndGlobal
